
Microsoft Visual Studio Solution File, Format Version 12.00
# Visual Studio Version 17
VisualStudioVersion = 17.0.31903.59
MinimumVisualStudioVersion = 10.0.40219.1
Project("{FAE04EC0-301F-11D3-BF4B-00C04F79EFBC}") = "Chronos", "Chronos\Chronos.csproj", "{43F98B3C-A03D-48DF-9697-15CC6E23EEF1}"
EndProject
Project("{FAE04EC0-301F-11D3-BF4B-00C04F79EFBC}") = "RandomTest", "RandomTest\RandomTest.csproj", "{B21D1AC4-57A2-4E47-B4F7-FC503748D49B}"
EndProject
Project("{FAE04EC0-301F-11D3-BF4B-00C04F79EFBC}") = "RandDice", "RandDice\RandDice.csproj", "{7F2B9FAE-81CC-463E-AFC5-389657C19E8E}"
EndProject
Project("{FAE04EC0-301F-11D3-BF4B-00C04F79EFBC}") = "MyGame", "MyGame\MyGame.csproj", "{67BB1126-69C2-4C58-AC09-A910F880D5BF}"
EndProject
Global
	GlobalSection(SolutionConfigurationPlatforms) = preSolution
		Debug|Any CPU = Debug|Any CPU
		Release|Any CPU = Release|Any CPU
	EndGlobalSection
	GlobalSection(SolutionProperties) = preSolution
		HideSolutionNode = FALSE
	EndGlobalSection
	GlobalSection(ProjectConfigurationPlatforms) = postSolution
		{43F98B3C-A03D-48DF-9697-15CC6E23EEF1}.Debug|Any CPU.ActiveCfg = Debug|Any CPU
		{43F98B3C-A03D-48DF-9697-15CC6E23EEF1}.Debug|Any CPU.Build.0 = Debug|Any CPU
		{43F98B3C-A03D-48DF-9697-15CC6E23EEF1}.Release|Any CPU.ActiveCfg = Release|Any CPU
		{43F98B3C-A03D-48DF-9697-15CC6E23EEF1}.Release|Any CPU.Build.0 = Release|Any CPU
		{B21D1AC4-57A2-4E47-B4F7-FC503748D49B}.Debug|Any CPU.ActiveCfg = Debug|Any CPU
		{B21D1AC4-57A2-4E47-B4F7-FC503748D49B}.Debug|Any CPU.Build.0 = Debug|Any CPU
		{B21D1AC4-57A2-4E47-B4F7-FC503748D49B}.Release|Any CPU.ActiveCfg = Release|Any CPU
		{B21D1AC4-57A2-4E47-B4F7-FC503748D49B}.Release|Any CPU.Build.0 = Release|Any CPU
		{7F2B9FAE-81CC-463E-AFC5-389657C19E8E}.Debug|Any CPU.ActiveCfg = Debug|Any CPU
		{7F2B9FAE-81CC-463E-AFC5-389657C19E8E}.Debug|Any CPU.Build.0 = Debug|Any CPU
		{7F2B9FAE-81CC-463E-AFC5-389657C19E8E}.Release|Any CPU.ActiveCfg = Release|Any CPU
		{7F2B9FAE-81CC-463E-AFC5-389657C19E8E}.Release|Any CPU.Build.0 = Release|Any CPU
		{67BB1126-69C2-4C58-AC09-A910F880D5BF}.Debug|Any CPU.ActiveCfg = Debug|Any CPU
		{67BB1126-69C2-4C58-AC09-A910F880D5BF}.Debug|Any CPU.Build.0 = Debug|Any CPU
		{67BB1126-69C2-4C58-AC09-A910F880D5BF}.Release|Any CPU.ActiveCfg = Release|Any CPU
		{67BB1126-69C2-4C58-AC09-A910F880D5BF}.Release|Any CPU.Build.0 = Release|Any CPU
	EndGlobalSection
EndGlobal
